
Microsoft Visual Studio Solution File, Format Version 12.00
# Visual Studio Version 17
VisualStudioVersion = 17.1.32421.90
MinimumVisualStudioVersion = 10.0.40219.1
Project("{FAE04EC0-301F-11D3-BF4B-00C04F79EFBC}") = "DiceRoller", "DiceRoller.csproj", "{92143412-392D-4008-B6DB-05DAAA6B5B79}"
EndProject
Global
	GlobalSection(SolutionConfigurationPlatforms) = preSolution
		Debug|Any CPU = Debug|Any CPU
		Release|Any CPU = Release|Any CPU
	EndGlobalSection
	GlobalSection(ProjectConfigurationPlatforms) = postSolution
		{92143412-392D-4008-B6DB-05DAAA6B5B79}.Debug|Any CPU.ActiveCfg = Debug|Any CPU
		{92143412-392D-4008-B6DB-05DAAA6B5B79}.Debug|Any CPU.Build.0 = Debug|Any CPU
		{92143412-392D-4008-B6DB-05DAAA6B5B79}.Release|Any CPU.ActiveCfg = Release|Any CPU
		{92143412-392D-4008-B6DB-05DAAA6B5B79}.Release|Any CPU.Build.0 = Release|Any CPU
	EndGlobalSection
	GlobalSection(SolutionProperties) = preSolution
		HideSolutionNode = FALSE
	EndGlobalSection
	GlobalSection(ExtensibilityGlobals) = postSolution
		SolutionGuid = {00685DEC-6BD2-495F-81BD-2EC91E5F7052}
	EndGlobalSection
EndGlobal
